
Microsoft Visual Studio Solution File, Format Version 12.00
# Visual Studio Version 17
VisualStudioVersion = 17.8.34408.163
MinimumVisualStudioVersion = 10.0.40219.1
Project("{9A19103F-16F7-4668-BE54-9A1E7A4F7556}") = "MeetingAssistant", "MeetingAssistant\MeetingAssistant.csproj", "{1112EB48-029F-4BA3-AAD5-20E9F658AA0E}"
EndProject
Project("{9A19103F-16F7-4668-BE54-9A1E7A4F7556}") = "ASRService", "ASRService\ASRService.csproj", "{7393F0DC-7CA1-4B5B-ADFB-A43A63363BDD}"
EndProject
Project("{9A19103F-16F7-4668-BE54-9A1E7A4F7556}") = "LLMService", "LLMService\LLMService.csproj", "{608AE0C0-4087-4F40-B074-2E4D94949E60}"
EndProject
Project("{9A19103F-16F7-4668-BE54-9A1E7A4F7556}") = "TranscriptCollectorService", "TranscriptCollectorService\TranscriptCollectorService.csproj", "{C44070D2-AEA2-4559-A596-9788128420A6}"
EndProject
Global
	GlobalSection(SolutionConfigurationPlatforms) = preSolution
		Debug|Any CPU = Debug|Any CPU
		Release|Any CPU = Release|Any CPU
	EndGlobalSection
	GlobalSection(ProjectConfigurationPlatforms) = postSolution
		{1112EB48-029F-4BA3-AAD5-20E9F658AA0E}.Debug|Any CPU.ActiveCfg = Debug|Any CPU
		{1112EB48-029F-4BA3-AAD5-20E9F658AA0E}.Debug|Any CPU.Build.0 = Debug|Any CPU
		{1112EB48-029F-4BA3-AAD5-20E9F658AA0E}.Release|Any CPU.ActiveCfg = Release|Any CPU
		{1112EB48-029F-4BA3-AAD5-20E9F658AA0E}.Release|Any CPU.Build.0 = Release|Any CPU
		{7393F0DC-7CA1-4B5B-ADFB-A43A63363BDD}.Debug|Any CPU.ActiveCfg = Debug|Any CPU
		{7393F0DC-7CA1-4B5B-ADFB-A43A63363BDD}.Debug|Any CPU.Build.0 = Debug|Any CPU
		{7393F0DC-7CA1-4B5B-ADFB-A43A63363BDD}.Release|Any CPU.ActiveCfg = Release|Any CPU
		{7393F0DC-7CA1-4B5B-ADFB-A43A63363BDD}.Release|Any CPU.Build.0 = Release|Any CPU
		{608AE0C0-4087-4F40-B074-2E4D94949E60}.Debug|Any CPU.ActiveCfg = Debug|Any CPU
		{608AE0C0-4087-4F40-B074-2E4D94949E60}.Debug|Any CPU.Build.0 = Debug|Any CPU
		{608AE0C0-4087-4F40-B074-2E4D94949E60}.Release|Any CPU.ActiveCfg = Release|Any CPU
		{608AE0C0-4087-4F40-B074-2E4D94949E60}.Release|Any CPU.Build.0 = Release|Any CPU
		{C44070D2-AEA2-4559-A596-9788128420A6}.Debug|Any CPU.ActiveCfg = Debug|Any CPU
		{C44070D2-AEA2-4559-A596-9788128420A6}.Debug|Any CPU.Build.0 = Debug|Any CPU
		{C44070D2-AEA2-4559-A596-9788128420A6}.Release|Any CPU.ActiveCfg = Release|Any CPU
		{C44070D2-AEA2-4559-A596-9788128420A6}.Release|Any CPU.Build.0 = Release|Any CPU
	EndGlobalSection
	GlobalSection(SolutionProperties) = preSolution
		HideSolutionNode = FALSE
	EndGlobalSection
	GlobalSection(ExtensibilityGlobals) = postSolution
		SolutionGuid = {99EED4F3-5B23-4558-8B08-723D6F961121}
	EndGlobalSection
EndGlobal
